
Microsoft Visual Studio Solution File, Format Version 12.00
# Visual Studio 15
VisualStudioVersion = 15.0.26430.4
MinimumVisualStudioVersion = 10.0.40219.1
Project("{FAE04EC0-301F-11D3-BF4B-00C04F79EFBC}") = "Trains", "Trains\Trains.csproj", "{DAE94DF3-0306-4EC2-8EFE-8F9B4E19FE89}"
EndProject
Project("{FAE04EC0-301F-11D3-BF4B-00C04F79EFBC}") = "Goats", "Goats\Goats.csproj", "{C2B01AB8-725E-44B6-9F7B-3BBF30ACAF8E}"
EndProject
Project("{FAE04EC0-301F-11D3-BF4B-00C04F79EFBC}") = "Mushrooms", "Mushrooms\Mushrooms.csproj", "{2AC2EE7D-E78F-437C-BE33-C2381083C5DE}"
EndProject
Project("{FAE04EC0-301F-11D3-BF4B-00C04F79EFBC}") = "PavementForMarket", "PavementForMarket\PavementForMarket.csproj", "{9008F8A8-5981-48D1-8544-CD66F8A2E88E}"
EndProject
Project("{FAE04EC0-301F-11D3-BF4B-00C04F79EFBC}") = "ProffesionalAthlete", "ProffesionalAthlete\ProffesionalAthlete.csproj", "{1C5E0D73-9EC7-4A75-81B7-0620924C255B}"
EndProject
Project("{FAE04EC0-301F-11D3-BF4B-00C04F79EFBC}") = "Parquet", "Parquet\Parquet.csproj", "{F8ADA36B-910F-4049-874D-7F03EEE8DB8A}"
EndProject
Project("{FAE04EC0-301F-11D3-BF4B-00C04F79EFBC}") = "Archaeological site", "Archaeological site\Archaeological site.csproj", "{17DD24A0-4852-4D5D-B713-471F4E48DAAA}"
EndProject
Project("{FAE04EC0-301F-11D3-BF4B-00C04F79EFBC}") = "Melon", "Melon\Melon.csproj", "{6330F7AC-E6CC-4533-B56E-1D6B57A59D90}"
EndProject
Project("{FAE04EC0-301F-11D3-BF4B-00C04F79EFBC}") = "Farmer", "Farmer\Farmer.csproj", "{9EA5CAE3-1B45-45FF-ADA1-E32C4230CD18}"
EndProject
Project("{FAE04EC0-301F-11D3-BF4B-00C04F79EFBC}") = "FizzBuzz", "FizzBuzz\FizzBuzz.csproj", "{19B91978-11C1-42CD-9B5D-B0D10B8412CA}"
EndProject
Global
	GlobalSection(SolutionConfigurationPlatforms) = preSolution
		Debug|Any CPU = Debug|Any CPU
		Release|Any CPU = Release|Any CPU
	EndGlobalSection
	GlobalSection(ProjectConfigurationPlatforms) = postSolution
		{DAE94DF3-0306-4EC2-8EFE-8F9B4E19FE89}.Debug|Any CPU.ActiveCfg = Debug|Any CPU
		{DAE94DF3-0306-4EC2-8EFE-8F9B4E19FE89}.Debug|Any CPU.Build.0 = Debug|Any CPU
		{DAE94DF3-0306-4EC2-8EFE-8F9B4E19FE89}.Release|Any CPU.ActiveCfg = Release|Any CPU
		{DAE94DF3-0306-4EC2-8EFE-8F9B4E19FE89}.Release|Any CPU.Build.0 = Release|Any CPU
		{C2B01AB8-725E-44B6-9F7B-3BBF30ACAF8E}.Debug|Any CPU.ActiveCfg = Debug|Any CPU
		{C2B01AB8-725E-44B6-9F7B-3BBF30ACAF8E}.Debug|Any CPU.Build.0 = Debug|Any CPU
		{C2B01AB8-725E-44B6-9F7B-3BBF30ACAF8E}.Release|Any CPU.ActiveCfg = Release|Any CPU
		{C2B01AB8-725E-44B6-9F7B-3BBF30ACAF8E}.Release|Any CPU.Build.0 = Release|Any CPU
		{2AC2EE7D-E78F-437C-BE33-C2381083C5DE}.Debug|Any CPU.ActiveCfg = Debug|Any CPU
		{2AC2EE7D-E78F-437C-BE33-C2381083C5DE}.Debug|Any CPU.Build.0 = Debug|Any CPU
		{2AC2EE7D-E78F-437C-BE33-C2381083C5DE}.Release|Any CPU.ActiveCfg = Release|Any CPU
		{2AC2EE7D-E78F-437C-BE33-C2381083C5DE}.Release|Any CPU.Build.0 = Release|Any CPU
		{9008F8A8-5981-48D1-8544-CD66F8A2E88E}.Debug|Any CPU.ActiveCfg = Debug|Any CPU
		{9008F8A8-5981-48D1-8544-CD66F8A2E88E}.Debug|Any CPU.Build.0 = Debug|Any CPU
		{9008F8A8-5981-48D1-8544-CD66F8A2E88E}.Release|Any CPU.ActiveCfg = Release|Any CPU
		{9008F8A8-5981-48D1-8544-CD66F8A2E88E}.Release|Any CPU.Build.0 = Release|Any CPU
		{1C5E0D73-9EC7-4A75-81B7-0620924C255B}.Debug|Any CPU.ActiveCfg = Debug|Any CPU
		{1C5E0D73-9EC7-4A75-81B7-0620924C255B}.Debug|Any CPU.Build.0 = Debug|Any CPU
		{1C5E0D73-9EC7-4A75-81B7-0620924C255B}.Release|Any CPU.ActiveCfg = Release|Any CPU
		{1C5E0D73-9EC7-4A75-81B7-0620924C255B}.Release|Any CPU.Build.0 = Release|Any CPU
		{F8ADA36B-910F-4049-874D-7F03EEE8DB8A}.Debug|Any CPU.ActiveCfg = Debug|Any CPU
		{F8ADA36B-910F-4049-874D-7F03EEE8DB8A}.Debug|Any CPU.Build.0 = Debug|Any CPU
		{F8ADA36B-910F-4049-874D-7F03EEE8DB8A}.Release|Any CPU.ActiveCfg = Release|Any CPU
		{F8ADA36B-910F-4049-874D-7F03EEE8DB8A}.Release|Any CPU.Build.0 = Release|Any CPU
		{17DD24A0-4852-4D5D-B713-471F4E48DAAA}.Debug|Any CPU.ActiveCfg = Debug|Any CPU
		{17DD24A0-4852-4D5D-B713-471F4E48DAAA}.Debug|Any CPU.Build.0 = Debug|Any CPU
		{17DD24A0-4852-4D5D-B713-471F4E48DAAA}.Release|Any CPU.ActiveCfg = Release|Any CPU
		{17DD24A0-4852-4D5D-B713-471F4E48DAAA}.Release|Any CPU.Build.0 = Release|Any CPU
		{6330F7AC-E6CC-4533-B56E-1D6B57A59D90}.Debug|Any CPU.ActiveCfg = Debug|Any CPU
		{6330F7AC-E6CC-4533-B56E-1D6B57A59D90}.Debug|Any CPU.Build.0 = Debug|Any CPU
		{6330F7AC-E6CC-4533-B56E-1D6B57A59D90}.Release|Any CPU.ActiveCfg = Release|Any CPU
		{6330F7AC-E6CC-4533-B56E-1D6B57A59D90}.Release|Any CPU.Build.0 = Release|Any CPU
		{9EA5CAE3-1B45-45FF-ADA1-E32C4230CD18}.Debug|Any CPU.ActiveCfg = Debug|Any CPU
		{9EA5CAE3-1B45-45FF-ADA1-E32C4230CD18}.Debug|Any CPU.Build.0 = Debug|Any CPU
		{9EA5CAE3-1B45-45FF-ADA1-E32C4230CD18}.Release|Any CPU.ActiveCfg = Release|Any CPU
		{9EA5CAE3-1B45-45FF-ADA1-E32C4230CD18}.Release|Any CPU.Build.0 = Release|Any CPU
		{19B91978-11C1-42CD-9B5D-B0D10B8412CA}.Debug|Any CPU.ActiveCfg = Debug|Any CPU
		{19B91978-11C1-42CD-9B5D-B0D10B8412CA}.Debug|Any CPU.Build.0 = Debug|Any CPU
		{19B91978-11C1-42CD-9B5D-B0D10B8412CA}.Release|Any CPU.ActiveCfg = Release|Any CPU
		{19B91978-11C1-42CD-9B5D-B0D10B8412CA}.Release|Any CPU.Build.0 = Release|Any CPU
	EndGlobalSection
	GlobalSection(SolutionProperties) = preSolution
		HideSolutionNode = FALSE
	EndGlobalSection
EndGlobal
