
Microsoft Visual Studio Solution File, Format Version 12.00
# Visual Studio 15
VisualStudioVersion = 15.0.26430.4
MinimumVisualStudioVersion = 10.0.40219.1
Project("{FAE04EC0-301F-11D3-BF4B-00C04F79EFBC}") = "Trains", "Trains\Trains.csproj", "{DAE94DF3-0306-4EC2-8EFE-8F9B4E19FE89}"
EndProject
Project("{FAE04EC0-301F-11D3-BF4B-00C04F79EFBC}") = "Goats", "Goats\Goats.csproj", "{C2B01AB8-725E-44B6-9F7B-3BBF30ACAF8E}"
EndProject
Global
	GlobalSection(SolutionConfigurationPlatforms) = preSolution
		Debug|Any CPU = Debug|Any CPU
		Release|Any CPU = Release|Any CPU
	EndGlobalSection
	GlobalSection(ProjectConfigurationPlatforms) = postSolution
		{DAE94DF3-0306-4EC2-8EFE-8F9B4E19FE89}.Debug|Any CPU.ActiveCfg = Debug|Any CPU
		{DAE94DF3-0306-4EC2-8EFE-8F9B4E19FE89}.Debug|Any CPU.Build.0 = Debug|Any CPU
		{DAE94DF3-0306-4EC2-8EFE-8F9B4E19FE89}.Release|Any CPU.ActiveCfg = Release|Any CPU
		{DAE94DF3-0306-4EC2-8EFE-8F9B4E19FE89}.Release|Any CPU.Build.0 = Release|Any CPU
		{C2B01AB8-725E-44B6-9F7B-3BBF30ACAF8E}.Debug|Any CPU.ActiveCfg = Debug|Any CPU
		{C2B01AB8-725E-44B6-9F7B-3BBF30ACAF8E}.Debug|Any CPU.Build.0 = Debug|Any CPU
		{C2B01AB8-725E-44B6-9F7B-3BBF30ACAF8E}.Release|Any CPU.ActiveCfg = Release|Any CPU
		{C2B01AB8-725E-44B6-9F7B-3BBF30ACAF8E}.Release|Any CPU.Build.0 = Release|Any CPU
	EndGlobalSection
	GlobalSection(SolutionProperties) = preSolution
		HideSolutionNode = FALSE
	EndGlobalSection
EndGlobal
